
Microsoft Visual Studio Solution File, Format Version 12.00
# Visual Studio 2015
Project("{FAE04EC0-301F-11D3-BF4B-00C04F79EFBC}") = "XUI", "XUI.csproj", "{63A828AB-00A8-247B-1796-0D68108E0055}"
EndProject
Project("{FAE04EC0-301F-11D3-BF4B-00C04F79EFBC}") = "XUI.Editor", "XUI.Editor.csproj", "{26A0A840-2EE3-3726-E0E0-B4F8DB6FF73B}"
EndProject
Global
	GlobalSection(SolutionConfigurationPlatforms) = preSolution
		Debug|Any CPU = Debug|Any CPU
		Release|Any CPU = Release|Any CPU
	EndGlobalSection
	GlobalSection(ProjectConfigurationPlatforms) = postSolution
		{63A828AB-00A8-247B-1796-0D68108E0055}.Debug|Any CPU.ActiveCfg = Debug|Any CPU
		{63A828AB-00A8-247B-1796-0D68108E0055}.Debug|Any CPU.Build.0 = Debug|Any CPU
		{63A828AB-00A8-247B-1796-0D68108E0055}.Release|Any CPU.ActiveCfg = Release|Any CPU
		{63A828AB-00A8-247B-1796-0D68108E0055}.Release|Any CPU.Build.0 = Release|Any CPU
		{26A0A840-2EE3-3726-E0E0-B4F8DB6FF73B}.Debug|Any CPU.ActiveCfg = Debug|Any CPU
		{26A0A840-2EE3-3726-E0E0-B4F8DB6FF73B}.Debug|Any CPU.Build.0 = Debug|Any CPU
		{26A0A840-2EE3-3726-E0E0-B4F8DB6FF73B}.Release|Any CPU.ActiveCfg = Release|Any CPU
		{26A0A840-2EE3-3726-E0E0-B4F8DB6FF73B}.Release|Any CPU.Build.0 = Release|Any CPU
	EndGlobalSection
	GlobalSection(SolutionProperties) = preSolution
		HideSolutionNode = FALSE
	EndGlobalSection
EndGlobal
